Microsoft Visual Studio Solution File, Format Version 12.00
# Visual Studio Version 17
VisualStudioVersion = 17.12.35527.113
MinimumVisualStudioVersion = 10.0.40219.1
Project("{FAE04EC0-301F-11D3-BF4B-00C04F79EFBC}") = "Voting.AppHost", "Voting.AppHost\Voting.AppHost.csproj", "{8B5DDAAF-C150-409B-BF00-29965595513B}"
EndProject
Project("{FAE04EC0-301F-11D3-BF4B-00C04F79EFBC}") = "Voting.ServiceDefaults", "Voting.ServiceDefaults\Voting.ServiceDefaults.csproj", "{0EFC5EFF-7D67-4752-BD47-FF18D2A075B2}"
EndProject
Project("{FAE04EC0-301F-11D3-BF4B-00C04F79EFBC}") = "Voting.ApiService", "Voting.ApiService\Voting.ApiService.csproj", "{B6C8894B-D71D-45D8-A613-A9F2A809139F}"
EndProject
Project("{FAE04EC0-301F-11D3-BF4B-00C04F79EFBC}") = "Voting.Web", "Voting.Web\Voting.Web.csproj", "{7EF58530-54B4-4197-84BB-93CDD29F99BE}"
EndProject
Project("{2150E333-8FDC-42A3-9474-1A3956D46DE8}") = "Infra", "Infra", "{FC44DB02-97BC-4A72-9578-EB214921CD8A}"
EndProject
Project("{2150E333-8FDC-42A3-9474-1A3956D46DE8}") = "Presentation", "Presentation", "{DF8607B3-FFBC-4069-80F7-C69D193E4A67}"
EndProject
Project("{2150E333-8FDC-42A3-9474-1A3956D46DE8}") = "Worker", "Worker", "{4A96502A-51DA-46C8-AD3A-3B7780F88DEE}"
EndProject
Project("{2150E333-8FDC-42A3-9474-1A3956D46DE8}") = "Application", "Application", "{04BEEB32-1B02-4553-87AE-02859C9F3AC4}"
EndProject
Project("{FAE04EC0-301F-11D3-BF4B-00C04F79EFBC}") = "Voting.Infrastructure", "Voting.Infrastructure\Voting.Infrastructure.csproj", "{385C6EB6-D20D-41A1-8634-D053C6BF3F7F}"
EndProject
Project("{FAE04EC0-301F-11D3-BF4B-00C04F79EFBC}") = "Voting.Application", "Voting.Application\Voting.Application.csproj", "{0E255D93-B52B-48CD-B954-CBCAE434B35B}"
EndProject
Global
	GlobalSection(SolutionConfigurationPlatforms) = preSolution
		Debug|Any CPU = Debug|Any CPU
		Release|Any CPU = Release|Any CPU
	EndGlobalSection
	GlobalSection(ProjectConfigurationPlatforms) = postSolution
		{8B5DDAAF-C150-409B-BF00-29965595513B}.Debug|Any CPU.ActiveCfg = Debug|Any CPU
		{8B5DDAAF-C150-409B-BF00-29965595513B}.Debug|Any CPU.Build.0 = Debug|Any CPU
		{8B5DDAAF-C150-409B-BF00-29965595513B}.Release|Any CPU.ActiveCfg = Release|Any CPU
		{8B5DDAAF-C150-409B-BF00-29965595513B}.Release|Any CPU.Build.0 = Release|Any CPU
		{0EFC5EFF-7D67-4752-BD47-FF18D2A075B2}.Debug|Any CPU.ActiveCfg = Debug|Any CPU
		{0EFC5EFF-7D67-4752-BD47-FF18D2A075B2}.Debug|Any CPU.Build.0 = Debug|Any CPU
		{0EFC5EFF-7D67-4752-BD47-FF18D2A075B2}.Release|Any CPU.ActiveCfg = Release|Any CPU
		{0EFC5EFF-7D67-4752-BD47-FF18D2A075B2}.Release|Any CPU.Build.0 = Release|Any CPU
		{B6C8894B-D71D-45D8-A613-A9F2A809139F}.Debug|Any CPU.ActiveCfg = Debug|Any CPU
		{B6C8894B-D71D-45D8-A613-A9F2A809139F}.Debug|Any CPU.Build.0 = Debug|Any CPU
		{B6C8894B-D71D-45D8-A613-A9F2A809139F}.Release|Any CPU.ActiveCfg = Release|Any CPU
		{B6C8894B-D71D-45D8-A613-A9F2A809139F}.Release|Any CPU.Build.0 = Release|Any CPU
		{7EF58530-54B4-4197-84BB-93CDD29F99BE}.Debug|Any CPU.ActiveCfg = Debug|Any CPU
		{7EF58530-54B4-4197-84BB-93CDD29F99BE}.Debug|Any CPU.Build.0 = Debug|Any CPU
		{7EF58530-54B4-4197-84BB-93CDD29F99BE}.Release|Any CPU.ActiveCfg = Release|Any CPU
		{7EF58530-54B4-4197-84BB-93CDD29F99BE}.Release|Any CPU.Build.0 = Release|Any CPU
		{385C6EB6-D20D-41A1-8634-D053C6BF3F7F}.Debug|Any CPU.ActiveCfg = Debug|Any CPU
		{385C6EB6-D20D-41A1-8634-D053C6BF3F7F}.Debug|Any CPU.Build.0 = Debug|Any CPU
		{385C6EB6-D20D-41A1-8634-D053C6BF3F7F}.Release|Any CPU.ActiveCfg = Release|Any CPU
		{385C6EB6-D20D-41A1-8634-D053C6BF3F7F}.Release|Any CPU.Build.0 = Release|Any CPU
		{0E255D93-B52B-48CD-B954-CBCAE434B35B}.Debug|Any CPU.ActiveCfg = Debug|Any CPU
		{0E255D93-B52B-48CD-B954-CBCAE434B35B}.Debug|Any CPU.Build.0 = Debug|Any CPU
		{0E255D93-B52B-48CD-B954-CBCAE434B35B}.Release|Any CPU.ActiveCfg = Release|Any CPU
		{0E255D93-B52B-48CD-B954-CBCAE434B35B}.Release|Any CPU.Build.0 = Release|Any CPU
	EndGlobalSection
	GlobalSection(SolutionProperties) = preSolution
		HideSolutionNode = FALSE
	EndGlobalSection
	GlobalSection(NestedProjects) = preSolution
		{8B5DDAAF-C150-409B-BF00-29965595513B} = {FC44DB02-97BC-4A72-9578-EB214921CD8A}
		{0EFC5EFF-7D67-4752-BD47-FF18D2A075B2} = {FC44DB02-97BC-4A72-9578-EB214921CD8A}
		{B6C8894B-D71D-45D8-A613-A9F2A809139F} = {DF8607B3-FFBC-4069-80F7-C69D193E4A67}
		{7EF58530-54B4-4197-84BB-93CDD29F99BE} = {DF8607B3-FFBC-4069-80F7-C69D193E4A67}
		{385C6EB6-D20D-41A1-8634-D053C6BF3F7F} = {FC44DB02-97BC-4A72-9578-EB214921CD8A}
		{0E255D93-B52B-48CD-B954-CBCAE434B35B} = {04BEEB32-1B02-4553-87AE-02859C9F3AC4}
	EndGlobalSection
EndGlobal
